
Microsoft Visual Studio Solution File, Format Version 12.00
# Visual Studio Version 17
VisualStudioVersion = 17.0.31903.59
MinimumVisualStudioVersion = 10.0.40219.1
Project("{FAE04EC0-301F-11D3-BF4B-00C04F79EFBC}") = "Kodigo.API", "Kodigo.API\Kodigo.API.csproj", "{1743AB1E-5813-47A4-9A03-6EFF0EF3F738}"
EndProject
Project("{FAE04EC0-301F-11D3-BF4B-00C04F79EFBC}") = "Kodigo.Domain", "Kodigo.Domain\Kodigo.Domain.csproj", "{48F14EAD-EE5A-493D-BFD3-6A6CCA79DE8C}"
EndProject
Project("{FAE04EC0-301F-11D3-BF4B-00C04F79EFBC}") = "Kodigo.Application", "Kodigo.Application\Kodigo.Application.csproj", "{617E5CDD-FC5C-47A0-A9BF-C2E204C44D3B}"
EndProject
Project("{FAE04EC0-301F-11D3-BF4B-00C04F79EFBC}") = "Kodigo.Infrastructure", "Kodigo.Infrastructure\Kodigo.Infrastructure.csproj", "{285D538E-F909-40D5-920B-68912E23F080}"
EndProject
Global
	GlobalSection(SolutionConfigurationPlatforms) = preSolution
		Debug|Any CPU = Debug|Any CPU
		Debug|x64 = Debug|x64
		Debug|x86 = Debug|x86
		Release|Any CPU = Release|Any CPU
		Release|x64 = Release|x64
		Release|x86 = Release|x86
	EndGlobalSection
	GlobalSection(ProjectConfigurationPlatforms) = postSolution
		{1743AB1E-5813-47A4-9A03-6EFF0EF3F738}.Debug|Any CPU.ActiveCfg = Debug|Any CPU
		{1743AB1E-5813-47A4-9A03-6EFF0EF3F738}.Debug|Any CPU.Build.0 = Debug|Any CPU
		{1743AB1E-5813-47A4-9A03-6EFF0EF3F738}.Debug|x64.ActiveCfg = Debug|Any CPU
		{1743AB1E-5813-47A4-9A03-6EFF0EF3F738}.Debug|x64.Build.0 = Debug|Any CPU
		{1743AB1E-5813-47A4-9A03-6EFF0EF3F738}.Debug|x86.ActiveCfg = Debug|Any CPU
		{1743AB1E-5813-47A4-9A03-6EFF0EF3F738}.Debug|x86.Build.0 = Debug|Any CPU
		{1743AB1E-5813-47A4-9A03-6EFF0EF3F738}.Release|Any CPU.ActiveCfg = Release|Any CPU
		{1743AB1E-5813-47A4-9A03-6EFF0EF3F738}.Release|Any CPU.Build.0 = Release|Any CPU
		{1743AB1E-5813-47A4-9A03-6EFF0EF3F738}.Release|x64.ActiveCfg = Release|Any CPU
		{1743AB1E-5813-47A4-9A03-6EFF0EF3F738}.Release|x64.Build.0 = Release|Any CPU
		{1743AB1E-5813-47A4-9A03-6EFF0EF3F738}.Release|x86.ActiveCfg = Release|Any CPU
		{1743AB1E-5813-47A4-9A03-6EFF0EF3F738}.Release|x86.Build.0 = Release|Any CPU
		{48F14EAD-EE5A-493D-BFD3-6A6CCA79DE8C}.Debug|Any CPU.ActiveCfg = Debug|Any CPU
		{48F14EAD-EE5A-493D-BFD3-6A6CCA79DE8C}.Debug|Any CPU.Build.0 = Debug|Any CPU
		{48F14EAD-EE5A-493D-BFD3-6A6CCA79DE8C}.Debug|x64.ActiveCfg = Debug|Any CPU
		{48F14EAD-EE5A-493D-BFD3-6A6CCA79DE8C}.Debug|x64.Build.0 = Debug|Any CPU
		{48F14EAD-EE5A-493D-BFD3-6A6CCA79DE8C}.Debug|x86.ActiveCfg = Debug|Any CPU
		{48F14EAD-EE5A-493D-BFD3-6A6CCA79DE8C}.Debug|x86.Build.0 = Debug|Any CPU
		{48F14EAD-EE5A-493D-BFD3-6A6CCA79DE8C}.Release|Any CPU.ActiveCfg = Release|Any CPU
		{48F14EAD-EE5A-493D-BFD3-6A6CCA79DE8C}.Release|Any CPU.Build.0 = Release|Any CPU
		{48F14EAD-EE5A-493D-BFD3-6A6CCA79DE8C}.Release|x64.ActiveCfg = Release|Any CPU
		{48F14EAD-EE5A-493D-BFD3-6A6CCA79DE8C}.Release|x64.Build.0 = Release|Any CPU
		{48F14EAD-EE5A-493D-BFD3-6A6CCA79DE8C}.Release|x86.ActiveCfg = Release|Any CPU
		{48F14EAD-EE5A-493D-BFD3-6A6CCA79DE8C}.Release|x86.Build.0 = Release|Any CPU
		{617E5CDD-FC5C-47A0-A9BF-C2E204C44D3B}.Debug|Any CPU.ActiveCfg = Debug|Any CPU
		{617E5CDD-FC5C-47A0-A9BF-C2E204C44D3B}.Debug|Any CPU.Build.0 = Debug|Any CPU
		{617E5CDD-FC5C-47A0-A9BF-C2E204C44D3B}.Debug|x64.ActiveCfg = Debug|Any CPU
		{617E5CDD-FC5C-47A0-A9BF-C2E204C44D3B}.Debug|x64.Build.0 = Debug|Any CPU
		{617E5CDD-FC5C-47A0-A9BF-C2E204C44D3B}.Debug|x86.ActiveCfg = Debug|Any CPU
		{617E5CDD-FC5C-47A0-A9BF-C2E204C44D3B}.Debug|x86.Build.0 = Debug|Any CPU
		{617E5CDD-FC5C-47A0-A9BF-C2E204C44D3B}.Release|Any CPU.ActiveCfg = Release|Any CPU
		{617E5CDD-FC5C-47A0-A9BF-C2E204C44D3B}.Release|Any CPU.Build.0 = Release|Any CPU
		{617E5CDD-FC5C-47A0-A9BF-C2E204C44D3B}.Release|x64.ActiveCfg = Release|Any CPU
		{617E5CDD-FC5C-47A0-A9BF-C2E204C44D3B}.Release|x64.Build.0 = Release|Any CPU
		{617E5CDD-FC5C-47A0-A9BF-C2E204C44D3B}.Release|x86.ActiveCfg = Release|Any CPU
		{617E5CDD-FC5C-47A0-A9BF-C2E204C44D3B}.Release|x86.Build.0 = Release|Any CPU
		{285D538E-F909-40D5-920B-68912E23F080}.Debug|Any CPU.ActiveCfg = Debug|Any CPU
		{285D538E-F909-40D5-920B-68912E23F080}.Debug|Any CPU.Build.0 = Debug|Any CPU
		{285D538E-F909-40D5-920B-68912E23F080}.Debug|x64.ActiveCfg = Debug|Any CPU
		{285D538E-F909-40D5-920B-68912E23F080}.Debug|x64.Build.0 = Debug|Any CPU
		{285D538E-F909-40D5-920B-68912E23F080}.Debug|x86.ActiveCfg = Debug|Any CPU
		{285D538E-F909-40D5-920B-68912E23F080}.Debug|x86.Build.0 = Debug|Any CPU
		{285D538E-F909-40D5-920B-68912E23F080}.Release|Any CPU.ActiveCfg = Release|Any CPU
		{285D538E-F909-40D5-920B-68912E23F080}.Release|Any CPU.Build.0 = Release|Any CPU
		{285D538E-F909-40D5-920B-68912E23F080}.Release|x64.ActiveCfg = Release|Any CPU
		{285D538E-F909-40D5-920B-68912E23F080}.Release|x64.Build.0 = Release|Any CPU
		{285D538E-F909-40D5-920B-68912E23F080}.Release|x86.ActiveCfg = Release|Any CPU
		{285D538E-F909-40D5-920B-68912E23F080}.Release|x86.Build.0 = Release|Any CPU
	EndGlobalSection
	GlobalSection(SolutionProperties) = preSolution
		HideSolutionNode = FALSE
	EndGlobalSection
EndGlobal
